
Microsoft Visual Studio Solution File, Format Version 12.00
# Visual Studio Version 17
VisualStudioVersion = 17.4.33122.133
MinimumVisualStudioVersion = 10.0.40219.1
Project("{FAE04EC0-301F-11D3-BF4B-00C04F79EFBC}") = "home120822task1", "home120822task1\home120822task1.csproj", "{914FEC5E-F464-41EC-A51C-987A6AC02B64}"
EndProject
Global
	GlobalSection(SolutionConfigurationPlatforms) = preSolution
		Debug|Any CPU = Debug|Any CPU
		Release|Any CPU = Release|Any CPU
	EndGlobalSection
	GlobalSection(ProjectConfigurationPlatforms) = postSolution
		{914FEC5E-F464-41EC-A51C-987A6AC02B64}.Debug|Any CPU.ActiveCfg = Debug|Any CPU
		{914FEC5E-F464-41EC-A51C-987A6AC02B64}.Debug|Any CPU.Build.0 = Debug|Any CPU
		{914FEC5E-F464-41EC-A51C-987A6AC02B64}.Release|Any CPU.ActiveCfg = Release|Any CPU
		{914FEC5E-F464-41EC-A51C-987A6AC02B64}.Release|Any CPU.Build.0 = Release|Any CPU
	EndGlobalSection
	GlobalSection(SolutionProperties) = preSolution
		HideSolutionNode = FALSE
	EndGlobalSection
	GlobalSection(ExtensibilityGlobals) = postSolution
		SolutionGuid = {8FB3F620-D265-422F-8451-0DB0C437B45A}
	EndGlobalSection
EndGlobal
