
Microsoft Visual Studio Solution File, Format Version 12.00
# Visual Studio Version 17
VisualStudioVersion = 17.4.33110.190
MinimumVisualStudioVersion = 10.0.40219.1
Project("{FAE04EC0-301F-11D3-BF4B-00C04F79EFBC}") = "ConsoleApp1", "ConsoleApp1\ConsoleApp1.csproj", "{9CFA85CA-8DA9-4CD4-A989-F2B6BBB95F2E}"
EndProject
Global
	GlobalSection(SolutionConfigurationPlatforms) = preSolution
		Debug|Any CPU = Debug|Any CPU
		Release|Any CPU = Release|Any CPU
	EndGlobalSection
	GlobalSection(ProjectConfigurationPlatforms) = postSolution
		{9CFA85CA-8DA9-4CD4-A989-F2B6BBB95F2E}.Debug|Any CPU.ActiveCfg = Debug|Any CPU
		{9CFA85CA-8DA9-4CD4-A989-F2B6BBB95F2E}.Debug|Any CPU.Build.0 = Debug|Any CPU
		{9CFA85CA-8DA9-4CD4-A989-F2B6BBB95F2E}.Release|Any CPU.ActiveCfg = Release|Any CPU
		{9CFA85CA-8DA9-4CD4-A989-F2B6BBB95F2E}.Release|Any CPU.Build.0 = Release|Any CPU
	EndGlobalSection
	GlobalSection(SolutionProperties) = preSolution
		HideSolutionNode = FALSE
	EndGlobalSection
	GlobalSection(ExtensibilityGlobals) = postSolution
		SolutionGuid = {73180C5B-0EC6-4BFC-99A6-637D8A5B74F2}
	EndGlobalSection
EndGlobal
