
Microsoft Visual Studio Solution File, Format Version 12.00
# Visual Studio Version 17
VisualStudioVersion = 17.4.33122.133
MinimumVisualStudioVersion = 10.0.40219.1
Project("{FAE04EC0-301F-11D3-BF4B-00C04F79EFBC}") = "home120822task3", "home120822task3\home120822task3.csproj", "{33A5260C-C550-47D7-B453-804641C82FEE}"
EndProject
Global
	GlobalSection(SolutionConfigurationPlatforms) = preSolution
		Debug|Any CPU = Debug|Any CPU
		Release|Any CPU = Release|Any CPU
	EndGlobalSection
	GlobalSection(ProjectConfigurationPlatforms) = postSolution
		{33A5260C-C550-47D7-B453-804641C82FEE}.Debug|Any CPU.ActiveCfg = Debug|Any CPU
		{33A5260C-C550-47D7-B453-804641C82FEE}.Debug|Any CPU.Build.0 = Debug|Any CPU
		{33A5260C-C550-47D7-B453-804641C82FEE}.Release|Any CPU.ActiveCfg = Release|Any CPU
		{33A5260C-C550-47D7-B453-804641C82FEE}.Release|Any CPU.Build.0 = Release|Any CPU
	EndGlobalSection
	GlobalSection(SolutionProperties) = preSolution
		HideSolutionNode = FALSE
	EndGlobalSection
	GlobalSection(ExtensibilityGlobals) = postSolution
		SolutionGuid = {E3EDA8A8-F64F-465B-A8F8-FA1A6D2C4D39}
	EndGlobalSection
EndGlobal
